
Microsoft Visual Studio Solution File, Format Version 12.00
# Visual Studio Version 17
VisualStudioVersion = 17.0.31903.59
MinimumVisualStudioVersion = 10.0.40219.1
Project("{2150E333-8FDC-42A3-9474-1A3956D46DE8}") = "解决方案项", "解决方案项", "{D7BDD3E5-1C6F-4DC6-AD64-3327839083DF}"
EndProject
Project("{FAE04EC0-301F-11D3-BF4B-00C04F79EFBC}") = "LibraryMod", "LibraryMod\LibraryMod.csproj", "{205EA21A-CE5F-40EF-B182-76A006A41187}"
EndProject
Project("{FAE04EC0-301F-11D3-BF4B-00C04F79EFBC}") = "DoubleCells", "DoubleCells\DoubleCells.csproj", "{E5F09225-F441-4E13-A30C-CFBD20339301}"
EndProject
Project("{FAE04EC0-301F-11D3-BF4B-00C04F79EFBC}") = "SampleHook", "SampleHook\SampleHook.csproj", "{BE1E07A7-ADE1-4B06-9DAF-37BA5C5BECF6}"
EndProject
Project("{FAE04EC0-301F-11D3-BF4B-00C04F79EFBC}") = "DebugMod", "DebugMod\DebugMod.csproj", "{06211DC9-64CF-46B0-A814-BEACA73FA016}"
EndProject
Project("{FAE04EC0-301F-11D3-BF4B-00C04F79EFBC}") = "FxMod", "Fxmod\FxMod.csproj", "{A51E8903-D78D-EA09-27A4-7EC054F87E2C}"
EndProject
Project("{FAE04EC0-301F-11D3-BF4B-00C04F79EFBC}") = "EnemiesVsEnemies", "EnemiesVsEnemies\EnemiesVsEnemies\EnemiesVsEnemies.csproj", "{9E30D79B-7DAE-AC08-DA25-FC244441E8DC}"
EndProject
Project("{FAE04EC0-301F-11D3-BF4B-00C04F79EFBC}") = "SkinLevel", "SkinLevel\SkinLevel.csproj", "{66283E7F-9B69-F77E-F132-593073710147}"
EndProject
Project("{2150E333-8FDC-42A3-9474-1A3956D46DE8}") = "Liandong", "Liandong", "{6F24556F-8BC8-32CD-DE77-B1BE2AC2160F}"
EndProject
Project("{FAE04EC0-301F-11D3-BF4B-00C04F79EFBC}") = "POP", "联动皮肤效果\pop\POP.csproj", "{4D179055-2C69-4940-94A7-D256F25EBBFA}"
EndProject
Project("{FAE04EC0-301F-11D3-BF4B-00C04F79EFBC}") = "Slay", "联动皮肤效果\Slay\Slay.csproj", "{4303A49A-5CCF-4305-BFFB-19B00C722874}"
EndProject
Project("{FAE04EC0-301F-11D3-BF4B-00C04F79EFBC}") = "DeadCellsMultiplayer", "联动皮肤效果\Telep\DeadCellsMultiplayer.csproj", "{8FF9D937-0B5E-48EE-8D5C-B90D495FF36A}"
EndProject
Project("{FAE04EC0-301F-11D3-BF4B-00C04F79EFBC}") = "ChiuYiUI-zh", "Katana\ChiuYiUI-zh.csproj", "{ACF43051-F759-4B1B-AC4C-9F124D3FD0B1}"
EndProject
Project("{2150E333-8FDC-42A3-9474-1A3956D46DE8}") = "text", "text", "{6A12AD79-0F1A-6E89-9A4E-490A43EC61BA}"
EndProject
Project("{FAE04EC0-301F-11D3-BF4B-00C04F79EFBC}") = "TestMod", "..\test\TestMod\TestMod.csproj", "{F6765926-F22F-4932-88BF-E470EB6DADEC}"
EndProject
Project("{FAE04EC0-301F-11D3-BF4B-00C04F79EFBC}") = "TestRunner", "..\test\TestRunner\TestRunner.csproj", "{117A8C23-0462-418B-81FC-881DCAC5F9DB}"
EndProject
Project("{FAE04EC0-301F-11D3-BF4B-00C04F79EFBC}") = "Kaguya", "Kaguya\Kaguya.csproj", "{932C0ACF-DF00-472D-97AB-710962E94C52}"
EndProject
Project("{FAE04EC0-301F-11D3-BF4B-00C04F79EFBC}") = "RainMod", "RainMod\RainMod.csproj", "{5B3EBCD3-FE43-4CF5-8CA7-808B9BC976DD}"
EndProject
Project("{FAE04EC0-301F-11D3-BF4B-00C04F79EFBC}") = "Weapontemplates", "Weapontemplates\Weapontemplates.csproj", "{5C624151-87B6-4F55-85D9-C9308E06091B}"
EndProject
Project("{2150E333-8FDC-42A3-9474-1A3956D46DE8}") = "two_hero", "two_hero", "{F82D03FD-6AAE-A0C4-97EE-1F744454B086}"
EndProject
Project("{FAE04EC0-301F-11D3-BF4B-00C04F79EFBC}") = "SampleSimple", "two_hero\SampleSimple.csproj", "{59D40CCA-90D1-4206-9478-8526F1769AC2}"
EndProject
Project("{FAE04EC0-301F-11D3-BF4B-00C04F79EFBC}") = "ChiuYiUI-en", "联动皮肤效果\Katana\ChiuYiUI-en.csproj", "{1AE2A667-F669-489B-BE71-ACD36A95FA1C}"
EndProject
Project("{FAE04EC0-301F-11D3-BF4B-00C04F79EFBC}") = "AddLevel", "AddLevel\AddLevel.csproj", "{3676BB2F-E4B5-4EA2-81F9-701954D946D7}"
EndProject
Project("{FAE04EC0-301F-11D3-BF4B-00C04F79EFBC}") = "Outside_Clock", "Outside_Clock\Outside_Clock.csproj", "{E032DD5E-D890-439E-B6F6-C018B07A0529}"
EndProject
Project("{FAE04EC0-301F-11D3-BF4B-00C04F79EFBC}") = "Delete-NewsPanel", "Delete-NewsPanel\Delete-NewsPanel.csproj", "{C0EEC51B-891A-4DFC-9A17-7829F1F593A0}"
EndProject
Global
	GlobalSection(SolutionConfigurationPlatforms) = preSolution
		Debug|Any CPU = Debug|Any CPU
		Debug|x64 = Debug|x64
		Debug|x86 = Debug|x86
		Release|Any CPU = Release|Any CPU
		Release|x64 = Release|x64
		Release|x86 = Release|x86
	EndGlobalSection
	GlobalSection(ProjectConfigurationPlatforms) = postSolution
		{205EA21A-CE5F-40EF-B182-76A006A41187}.Debug|Any CPU.ActiveCfg = Debug|Any CPU
		{205EA21A-CE5F-40EF-B182-76A006A41187}.Debug|Any CPU.Build.0 = Debug|Any CPU
		{205EA21A-CE5F-40EF-B182-76A006A41187}.Debug|x64.ActiveCfg = Debug|Any CPU
		{205EA21A-CE5F-40EF-B182-76A006A41187}.Debug|x64.Build.0 = Debug|Any CPU
		{205EA21A-CE5F-40EF-B182-76A006A41187}.Debug|x86.ActiveCfg = Debug|Any CPU
		{205EA21A-CE5F-40EF-B182-76A006A41187}.Debug|x86.Build.0 = Debug|Any CPU
		{205EA21A-CE5F-40EF-B182-76A006A41187}.Release|Any CPU.ActiveCfg = Release|Any CPU
		{205EA21A-CE5F-40EF-B182-76A006A41187}.Release|Any CPU.Build.0 = Release|Any CPU
		{205EA21A-CE5F-40EF-B182-76A006A41187}.Release|x64.ActiveCfg = Release|Any CPU
		{205EA21A-CE5F-40EF-B182-76A006A41187}.Release|x64.Build.0 = Release|Any CPU
		{205EA21A-CE5F-40EF-B182-76A006A41187}.Release|x86.ActiveCfg = Release|Any CPU
		{205EA21A-CE5F-40EF-B182-76A006A41187}.Release|x86.Build.0 = Release|Any CPU
		{E5F09225-F441-4E13-A30C-CFBD20339301}.Debug|Any CPU.ActiveCfg = Debug|Any CPU
		{E5F09225-F441-4E13-A30C-CFBD20339301}.Debug|Any CPU.Build.0 = Debug|Any CPU
		{E5F09225-F441-4E13-A30C-CFBD20339301}.Debug|x64.ActiveCfg = Debug|Any CPU
		{E5F09225-F441-4E13-A30C-CFBD20339301}.Debug|x64.Build.0 = Debug|Any CPU
		{E5F09225-F441-4E13-A30C-CFBD20339301}.Debug|x86.ActiveCfg = Debug|Any CPU
		{E5F09225-F441-4E13-A30C-CFBD20339301}.Debug|x86.Build.0 = Debug|Any CPU
		{E5F09225-F441-4E13-A30C-CFBD20339301}.Release|Any CPU.ActiveCfg = Release|Any CPU
		{E5F09225-F441-4E13-A30C-CFBD20339301}.Release|Any CPU.Build.0 = Release|Any CPU
		{E5F09225-F441-4E13-A30C-CFBD20339301}.Release|x64.ActiveCfg = Release|Any CPU
		{E5F09225-F441-4E13-A30C-CFBD20339301}.Release|x64.Build.0 = Release|Any CPU
		{E5F09225-F441-4E13-A30C-CFBD20339301}.Release|x86.ActiveCfg = Release|Any CPU
		{E5F09225-F441-4E13-A30C-CFBD20339301}.Release|x86.Build.0 = Release|Any CPU
		{BE1E07A7-ADE1-4B06-9DAF-37BA5C5BECF6}.Debug|Any CPU.ActiveCfg = Debug|Any CPU
		{BE1E07A7-ADE1-4B06-9DAF-37BA5C5BECF6}.Debug|Any CPU.Build.0 = Debug|Any CPU
		{BE1E07A7-ADE1-4B06-9DAF-37BA5C5BECF6}.Debug|x64.ActiveCfg = Debug|Any CPU
		{BE1E07A7-ADE1-4B06-9DAF-37BA5C5BECF6}.Debug|x64.Build.0 = Debug|Any CPU
		{BE1E07A7-ADE1-4B06-9DAF-37BA5C5BECF6}.Debug|x86.ActiveCfg = Debug|Any CPU
		{BE1E07A7-ADE1-4B06-9DAF-37BA5C5BECF6}.Debug|x86.Build.0 = Debug|Any CPU
		{BE1E07A7-ADE1-4B06-9DAF-37BA5C5BECF6}.Release|Any CPU.ActiveCfg = Release|Any CPU
		{BE1E07A7-ADE1-4B06-9DAF-37BA5C5BECF6}.Release|Any CPU.Build.0 = Release|Any CPU
		{BE1E07A7-ADE1-4B06-9DAF-37BA5C5BECF6}.Release|x64.ActiveCfg = Release|Any CPU
		{BE1E07A7-ADE1-4B06-9DAF-37BA5C5BECF6}.Release|x64.Build.0 = Release|Any CPU
		{BE1E07A7-ADE1-4B06-9DAF-37BA5C5BECF6}.Release|x86.ActiveCfg = Release|Any CPU
		{BE1E07A7-ADE1-4B06-9DAF-37BA5C5BECF6}.Release|x86.Build.0 = Release|Any CPU
		{06211DC9-64CF-46B0-A814-BEACA73FA016}.Debug|Any CPU.ActiveCfg = Debug|Any CPU
		{06211DC9-64CF-46B0-A814-BEACA73FA016}.Debug|Any CPU.Build.0 = Debug|Any CPU
		{06211DC9-64CF-46B0-A814-BEACA73FA016}.Debug|x64.ActiveCfg = Debug|Any CPU
		{06211DC9-64CF-46B0-A814-BEACA73FA016}.Debug|x64.Build.0 = Debug|Any CPU
		{06211DC9-64CF-46B0-A814-BEACA73FA016}.Debug|x86.ActiveCfg = Debug|Any CPU
		{06211DC9-64CF-46B0-A814-BEACA73FA016}.Debug|x86.Build.0 = Debug|Any CPU
		{06211DC9-64CF-46B0-A814-BEACA73FA016}.Release|Any CPU.ActiveCfg = Release|Any CPU
		{06211DC9-64CF-46B0-A814-BEACA73FA016}.Release|Any CPU.Build.0 = Release|Any CPU
		{06211DC9-64CF-46B0-A814-BEACA73FA016}.Release|x64.ActiveCfg = Release|Any CPU
		{06211DC9-64CF-46B0-A814-BEACA73FA016}.Release|x64.Build.0 = Release|Any CPU
		{06211DC9-64CF-46B0-A814-BEACA73FA016}.Release|x86.ActiveCfg = Release|Any CPU
		{06211DC9-64CF-46B0-A814-BEACA73FA016}.Release|x86.Build.0 = Release|Any CPU
		{A51E8903-D78D-EA09-27A4-7EC054F87E2C}.Debug|Any CPU.ActiveCfg = Debug|Any CPU
		{A51E8903-D78D-EA09-27A4-7EC054F87E2C}.Debug|Any CPU.Build.0 = Debug|Any CPU
		{A51E8903-D78D-EA09-27A4-7EC054F87E2C}.Debug|x64.ActiveCfg = Debug|Any CPU
		{A51E8903-D78D-EA09-27A4-7EC054F87E2C}.Debug|x64.Build.0 = Debug|Any CPU
		{A51E8903-D78D-EA09-27A4-7EC054F87E2C}.Debug|x86.ActiveCfg = Debug|Any CPU
		{A51E8903-D78D-EA09-27A4-7EC054F87E2C}.Debug|x86.Build.0 = Debug|Any CPU
		{A51E8903-D78D-EA09-27A4-7EC054F87E2C}.Release|Any CPU.ActiveCfg = Release|Any CPU
		{A51E8903-D78D-EA09-27A4-7EC054F87E2C}.Release|Any CPU.Build.0 = Release|Any CPU
		{A51E8903-D78D-EA09-27A4-7EC054F87E2C}.Release|x64.ActiveCfg = Release|Any CPU
		{A51E8903-D78D-EA09-27A4-7EC054F87E2C}.Release|x64.Build.0 = Release|Any CPU
		{A51E8903-D78D-EA09-27A4-7EC054F87E2C}.Release|x86.ActiveCfg = Release|Any CPU
		{A51E8903-D78D-EA09-27A4-7EC054F87E2C}.Release|x86.Build.0 = Release|Any CPU
		{9E30D79B-7DAE-AC08-DA25-FC244441E8DC}.Debug|Any CPU.ActiveCfg = Debug|Any CPU
		{9E30D79B-7DAE-AC08-DA25-FC244441E8DC}.Debug|Any CPU.Build.0 = Debug|Any CPU
		{9E30D79B-7DAE-AC08-DA25-FC244441E8DC}.Debug|x64.ActiveCfg = Debug|Any CPU
		{9E30D79B-7DAE-AC08-DA25-FC244441E8DC}.Debug|x64.Build.0 = Debug|Any CPU
		{9E30D79B-7DAE-AC08-DA25-FC244441E8DC}.Debug|x86.ActiveCfg = Debug|Any CPU
		{9E30D79B-7DAE-AC08-DA25-FC244441E8DC}.Debug|x86.Build.0 = Debug|Any CPU
		{9E30D79B-7DAE-AC08-DA25-FC244441E8DC}.Release|Any CPU.ActiveCfg = Release|Any CPU
		{9E30D79B-7DAE-AC08-DA25-FC244441E8DC}.Release|Any CPU.Build.0 = Release|Any CPU
		{9E30D79B-7DAE-AC08-DA25-FC244441E8DC}.Release|x64.ActiveCfg = Release|Any CPU
		{9E30D79B-7DAE-AC08-DA25-FC244441E8DC}.Release|x64.Build.0 = Release|Any CPU
		{9E30D79B-7DAE-AC08-DA25-FC244441E8DC}.Release|x86.ActiveCfg = Release|Any CPU
		{9E30D79B-7DAE-AC08-DA25-FC244441E8DC}.Release|x86.Build.0 = Release|Any CPU
		{66283E7F-9B69-F77E-F132-593073710147}.Debug|Any CPU.ActiveCfg = Debug|Any CPU
		{66283E7F-9B69-F77E-F132-593073710147}.Debug|Any CPU.Build.0 = Debug|Any CPU
		{66283E7F-9B69-F77E-F132-593073710147}.Debug|x64.ActiveCfg = Debug|Any CPU
		{66283E7F-9B69-F77E-F132-593073710147}.Debug|x64.Build.0 = Debug|Any CPU
		{66283E7F-9B69-F77E-F132-593073710147}.Debug|x86.ActiveCfg = Debug|Any CPU
		{66283E7F-9B69-F77E-F132-593073710147}.Debug|x86.Build.0 = Debug|Any CPU
		{66283E7F-9B69-F77E-F132-593073710147}.Release|Any CPU.ActiveCfg = Release|Any CPU
		{66283E7F-9B69-F77E-F132-593073710147}.Release|Any CPU.Build.0 = Release|Any CPU
		{66283E7F-9B69-F77E-F132-593073710147}.Release|x64.ActiveCfg = Release|Any CPU
		{66283E7F-9B69-F77E-F132-593073710147}.Release|x64.Build.0 = Release|Any CPU
		{66283E7F-9B69-F77E-F132-593073710147}.Release|x86.ActiveCfg = Release|Any CPU
		{66283E7F-9B69-F77E-F132-593073710147}.Release|x86.Build.0 = Release|Any CPU
		{4D179055-2C69-4940-94A7-D256F25EBBFA}.Debug|Any CPU.ActiveCfg = Debug|Any CPU
		{4D179055-2C69-4940-94A7-D256F25EBBFA}.Debug|Any CPU.Build.0 = Debug|Any CPU
		{4D179055-2C69-4940-94A7-D256F25EBBFA}.Debug|x64.ActiveCfg = Debug|Any CPU
		{4D179055-2C69-4940-94A7-D256F25EBBFA}.Debug|x64.Build.0 = Debug|Any CPU
		{4D179055-2C69-4940-94A7-D256F25EBBFA}.Debug|x86.ActiveCfg = Debug|Any CPU
		{4D179055-2C69-4940-94A7-D256F25EBBFA}.Debug|x86.Build.0 = Debug|Any CPU
		{4D179055-2C69-4940-94A7-D256F25EBBFA}.Release|Any CPU.ActiveCfg = Release|Any CPU
		{4D179055-2C69-4940-94A7-D256F25EBBFA}.Release|Any CPU.Build.0 = Release|Any CPU
		{4D179055-2C69-4940-94A7-D256F25EBBFA}.Release|x64.ActiveCfg = Release|Any CPU
		{4D179055-2C69-4940-94A7-D256F25EBBFA}.Release|x64.Build.0 = Release|Any CPU
		{4D179055-2C69-4940-94A7-D256F25EBBFA}.Release|x86.ActiveCfg = Release|Any CPU
		{4D179055-2C69-4940-94A7-D256F25EBBFA}.Release|x86.Build.0 = Release|Any CPU
		{4303A49A-5CCF-4305-BFFB-19B00C722874}.Debug|Any CPU.ActiveCfg = Debug|Any CPU
		{4303A49A-5CCF-4305-BFFB-19B00C722874}.Debug|Any CPU.Build.0 = Debug|Any CPU
		{4303A49A-5CCF-4305-BFFB-19B00C722874}.Debug|x64.ActiveCfg = Debug|Any CPU
		{4303A49A-5CCF-4305-BFFB-19B00C722874}.Debug|x64.Build.0 = Debug|Any CPU
		{4303A49A-5CCF-4305-BFFB-19B00C722874}.Debug|x86.ActiveCfg = Debug|Any CPU
		{4303A49A-5CCF-4305-BFFB-19B00C722874}.Debug|x86.Build.0 = Debug|Any CPU
		{4303A49A-5CCF-4305-BFFB-19B00C722874}.Release|Any CPU.ActiveCfg = Release|Any CPU
		{4303A49A-5CCF-4305-BFFB-19B00C722874}.Release|Any CPU.Build.0 = Release|Any CPU
		{4303A49A-5CCF-4305-BFFB-19B00C722874}.Release|x64.ActiveCfg = Release|Any CPU
		{4303A49A-5CCF-4305-BFFB-19B00C722874}.Release|x64.Build.0 = Release|Any CPU
		{4303A49A-5CCF-4305-BFFB-19B00C722874}.Release|x86.ActiveCfg = Release|Any CPU
		{4303A49A-5CCF-4305-BFFB-19B00C722874}.Release|x86.Build.0 = Release|Any CPU
		{8FF9D937-0B5E-48EE-8D5C-B90D495FF36A}.Debug|Any CPU.ActiveCfg = Debug|Any CPU
		{8FF9D937-0B5E-48EE-8D5C-B90D495FF36A}.Debug|Any CPU.Build.0 = Debug|Any CPU
		{8FF9D937-0B5E-48EE-8D5C-B90D495FF36A}.Debug|x64.ActiveCfg = Debug|Any CPU
		{8FF9D937-0B5E-48EE-8D5C-B90D495FF36A}.Debug|x64.Build.0 = Debug|Any CPU
		{8FF9D937-0B5E-48EE-8D5C-B90D495FF36A}.Debug|x86.ActiveCfg = Debug|Any CPU
		{8FF9D937-0B5E-48EE-8D5C-B90D495FF36A}.Debug|x86.Build.0 = Debug|Any CPU
		{8FF9D937-0B5E-48EE-8D5C-B90D495FF36A}.Release|Any CPU.ActiveCfg = Release|Any CPU
		{8FF9D937-0B5E-48EE-8D5C-B90D495FF36A}.Release|Any CPU.Build.0 = Release|Any CPU
		{8FF9D937-0B5E-48EE-8D5C-B90D495FF36A}.Release|x64.ActiveCfg = Release|Any CPU
		{8FF9D937-0B5E-48EE-8D5C-B90D495FF36A}.Release|x64.Build.0 = Release|Any CPU
		{8FF9D937-0B5E-48EE-8D5C-B90D495FF36A}.Release|x86.ActiveCfg = Release|Any CPU
		{8FF9D937-0B5E-48EE-8D5C-B90D495FF36A}.Release|x86.Build.0 = Release|Any CPU
		{ACF43051-F759-4B1B-AC4C-9F124D3FD0B1}.Debug|Any CPU.ActiveCfg = Debug|Any CPU
		{ACF43051-F759-4B1B-AC4C-9F124D3FD0B1}.Debug|Any CPU.Build.0 = Debug|Any CPU
		{ACF43051-F759-4B1B-AC4C-9F124D3FD0B1}.Debug|x64.ActiveCfg = Debug|Any CPU
		{ACF43051-F759-4B1B-AC4C-9F124D3FD0B1}.Debug|x64.Build.0 = Debug|Any CPU
		{ACF43051-F759-4B1B-AC4C-9F124D3FD0B1}.Debug|x86.ActiveCfg = Debug|Any CPU
		{ACF43051-F759-4B1B-AC4C-9F124D3FD0B1}.Debug|x86.Build.0 = Debug|Any CPU
		{ACF43051-F759-4B1B-AC4C-9F124D3FD0B1}.Release|Any CPU.ActiveCfg = Release|Any CPU
		{ACF43051-F759-4B1B-AC4C-9F124D3FD0B1}.Release|Any CPU.Build.0 = Release|Any CPU
		{ACF43051-F759-4B1B-AC4C-9F124D3FD0B1}.Release|x64.ActiveCfg = Release|Any CPU
		{ACF43051-F759-4B1B-AC4C-9F124D3FD0B1}.Release|x64.Build.0 = Release|Any CPU
		{ACF43051-F759-4B1B-AC4C-9F124D3FD0B1}.Release|x86.ActiveCfg = Release|Any CPU
		{ACF43051-F759-4B1B-AC4C-9F124D3FD0B1}.Release|x86.Build.0 = Release|Any CPU
		{F6765926-F22F-4932-88BF-E470EB6DADEC}.Debug|Any CPU.ActiveCfg = Debug|Any CPU
		{F6765926-F22F-4932-88BF-E470EB6DADEC}.Debug|Any CPU.Build.0 = Debug|Any CPU
		{F6765926-F22F-4932-88BF-E470EB6DADEC}.Debug|x64.ActiveCfg = Debug|Any CPU
		{F6765926-F22F-4932-88BF-E470EB6DADEC}.Debug|x64.Build.0 = Debug|Any CPU
		{F6765926-F22F-4932-88BF-E470EB6DADEC}.Debug|x86.ActiveCfg = Debug|Any CPU
		{F6765926-F22F-4932-88BF-E470EB6DADEC}.Debug|x86.Build.0 = Debug|Any CPU
		{F6765926-F22F-4932-88BF-E470EB6DADEC}.Release|Any CPU.ActiveCfg = Release|Any CPU
		{F6765926-F22F-4932-88BF-E470EB6DADEC}.Release|Any CPU.Build.0 = Release|Any CPU
		{F6765926-F22F-4932-88BF-E470EB6DADEC}.Release|x64.ActiveCfg = Release|Any CPU
		{F6765926-F22F-4932-88BF-E470EB6DADEC}.Release|x64.Build.0 = Release|Any CPU
		{F6765926-F22F-4932-88BF-E470EB6DADEC}.Release|x86.ActiveCfg = Release|Any CPU
		{F6765926-F22F-4932-88BF-E470EB6DADEC}.Release|x86.Build.0 = Release|Any CPU
		{117A8C23-0462-418B-81FC-881DCAC5F9DB}.Debug|Any CPU.ActiveCfg = Debug|Any CPU
		{117A8C23-0462-418B-81FC-881DCAC5F9DB}.Debug|Any CPU.Build.0 = Debug|Any CPU
		{117A8C23-0462-418B-81FC-881DCAC5F9DB}.Debug|x64.ActiveCfg = Debug|Any CPU
		{117A8C23-0462-418B-81FC-881DCAC5F9DB}.Debug|x64.Build.0 = Debug|Any CPU
		{117A8C23-0462-418B-81FC-881DCAC5F9DB}.Debug|x86.ActiveCfg = Debug|Any CPU
		{117A8C23-0462-418B-81FC-881DCAC5F9DB}.Debug|x86.Build.0 = Debug|Any CPU
		{117A8C23-0462-418B-81FC-881DCAC5F9DB}.Release|Any CPU.ActiveCfg = Release|Any CPU
		{117A8C23-0462-418B-81FC-881DCAC5F9DB}.Release|Any CPU.Build.0 = Release|Any CPU
		{117A8C23-0462-418B-81FC-881DCAC5F9DB}.Release|x64.ActiveCfg = Release|Any CPU
		{117A8C23-0462-418B-81FC-881DCAC5F9DB}.Release|x64.Build.0 = Release|Any CPU
		{117A8C23-0462-418B-81FC-881DCAC5F9DB}.Release|x86.ActiveCfg = Release|Any CPU
		{117A8C23-0462-418B-81FC-881DCAC5F9DB}.Release|x86.Build.0 = Release|Any CPU
		{932C0ACF-DF00-472D-97AB-710962E94C52}.Debug|Any CPU.ActiveCfg = Debug|Any CPU
		{932C0ACF-DF00-472D-97AB-710962E94C52}.Debug|Any CPU.Build.0 = Debug|Any CPU
		{932C0ACF-DF00-472D-97AB-710962E94C52}.Debug|x64.ActiveCfg = Debug|Any CPU
		{932C0ACF-DF00-472D-97AB-710962E94C52}.Debug|x64.Build.0 = Debug|Any CPU
		{932C0ACF-DF00-472D-97AB-710962E94C52}.Debug|x86.ActiveCfg = Debug|Any CPU
		{932C0ACF-DF00-472D-97AB-710962E94C52}.Debug|x86.Build.0 = Debug|Any CPU
		{932C0ACF-DF00-472D-97AB-710962E94C52}.Release|Any CPU.ActiveCfg = Release|Any CPU
		{932C0ACF-DF00-472D-97AB-710962E94C52}.Release|Any CPU.Build.0 = Release|Any CPU
		{932C0ACF-DF00-472D-97AB-710962E94C52}.Release|x64.ActiveCfg = Release|Any CPU
		{932C0ACF-DF00-472D-97AB-710962E94C52}.Release|x64.Build.0 = Release|Any CPU
		{932C0ACF-DF00-472D-97AB-710962E94C52}.Release|x86.ActiveCfg = Release|Any CPU
		{932C0ACF-DF00-472D-97AB-710962E94C52}.Release|x86.Build.0 = Release|Any CPU
		{5B3EBCD3-FE43-4CF5-8CA7-808B9BC976DD}.Debug|Any CPU.ActiveCfg = Debug|Any CPU
		{5B3EBCD3-FE43-4CF5-8CA7-808B9BC976DD}.Debug|Any CPU.Build.0 = Debug|Any CPU
		{5B3EBCD3-FE43-4CF5-8CA7-808B9BC976DD}.Debug|x64.ActiveCfg = Debug|Any CPU
		{5B3EBCD3-FE43-4CF5-8CA7-808B9BC976DD}.Debug|x64.Build.0 = Debug|Any CPU
		{5B3EBCD3-FE43-4CF5-8CA7-808B9BC976DD}.Debug|x86.ActiveCfg = Debug|Any CPU
		{5B3EBCD3-FE43-4CF5-8CA7-808B9BC976DD}.Debug|x86.Build.0 = Debug|Any CPU
		{5B3EBCD3-FE43-4CF5-8CA7-808B9BC976DD}.Release|Any CPU.ActiveCfg = Release|Any CPU
		{5B3EBCD3-FE43-4CF5-8CA7-808B9BC976DD}.Release|Any CPU.Build.0 = Release|Any CPU
		{5B3EBCD3-FE43-4CF5-8CA7-808B9BC976DD}.Release|x64.ActiveCfg = Release|Any CPU
		{5B3EBCD3-FE43-4CF5-8CA7-808B9BC976DD}.Release|x64.Build.0 = Release|Any CPU
		{5B3EBCD3-FE43-4CF5-8CA7-808B9BC976DD}.Release|x86.ActiveCfg = Release|Any CPU
		{5B3EBCD3-FE43-4CF5-8CA7-808B9BC976DD}.Release|x86.Build.0 = Release|Any CPU
		{5C624151-87B6-4F55-85D9-C9308E06091B}.Debug|Any CPU.ActiveCfg = Debug|Any CPU
		{5C624151-87B6-4F55-85D9-C9308E06091B}.Debug|Any CPU.Build.0 = Debug|Any CPU
		{5C624151-87B6-4F55-85D9-C9308E06091B}.Debug|x64.ActiveCfg = Debug|Any CPU
		{5C624151-87B6-4F55-85D9-C9308E06091B}.Debug|x64.Build.0 = Debug|Any CPU
		{5C624151-87B6-4F55-85D9-C9308E06091B}.Debug|x86.ActiveCfg = Debug|Any CPU
		{5C624151-87B6-4F55-85D9-C9308E06091B}.Debug|x86.Build.0 = Debug|Any CPU
		{5C624151-87B6-4F55-85D9-C9308E06091B}.Release|Any CPU.ActiveCfg = Release|Any CPU
		{5C624151-87B6-4F55-85D9-C9308E06091B}.Release|Any CPU.Build.0 = Release|Any CPU
		{5C624151-87B6-4F55-85D9-C9308E06091B}.Release|x64.ActiveCfg = Release|Any CPU
		{5C624151-87B6-4F55-85D9-C9308E06091B}.Release|x64.Build.0 = Release|Any CPU
		{5C624151-87B6-4F55-85D9-C9308E06091B}.Release|x86.ActiveCfg = Release|Any CPU
		{5C624151-87B6-4F55-85D9-C9308E06091B}.Release|x86.Build.0 = Release|Any CPU
		{59D40CCA-90D1-4206-9478-8526F1769AC2}.Debug|Any CPU.ActiveCfg = Debug|Any CPU
		{59D40CCA-90D1-4206-9478-8526F1769AC2}.Debug|Any CPU.Build.0 = Debug|Any CPU
		{59D40CCA-90D1-4206-9478-8526F1769AC2}.Debug|x64.ActiveCfg = Debug|Any CPU
		{59D40CCA-90D1-4206-9478-8526F1769AC2}.Debug|x64.Build.0 = Debug|Any CPU
		{59D40CCA-90D1-4206-9478-8526F1769AC2}.Debug|x86.ActiveCfg = Debug|Any CPU
		{59D40CCA-90D1-4206-9478-8526F1769AC2}.Debug|x86.Build.0 = Debug|Any CPU
		{59D40CCA-90D1-4206-9478-8526F1769AC2}.Release|Any CPU.ActiveCfg = Release|Any CPU
		{59D40CCA-90D1-4206-9478-8526F1769AC2}.Release|Any CPU.Build.0 = Release|Any CPU
		{59D40CCA-90D1-4206-9478-8526F1769AC2}.Release|x64.ActiveCfg = Release|Any CPU
		{59D40CCA-90D1-4206-9478-8526F1769AC2}.Release|x64.Build.0 = Release|Any CPU
		{59D40CCA-90D1-4206-9478-8526F1769AC2}.Release|x86.ActiveCfg = Release|Any CPU
		{59D40CCA-90D1-4206-9478-8526F1769AC2}.Release|x86.Build.0 = Release|Any CPU
		{1AE2A667-F669-489B-BE71-ACD36A95FA1C}.Debug|Any CPU.ActiveCfg = Debug|Any CPU
		{1AE2A667-F669-489B-BE71-ACD36A95FA1C}.Debug|Any CPU.Build.0 = Debug|Any CPU
		{1AE2A667-F669-489B-BE71-ACD36A95FA1C}.Debug|x64.ActiveCfg = Debug|Any CPU
		{1AE2A667-F669-489B-BE71-ACD36A95FA1C}.Debug|x64.Build.0 = Debug|Any CPU
		{1AE2A667-F669-489B-BE71-ACD36A95FA1C}.Debug|x86.ActiveCfg = Debug|Any CPU
		{1AE2A667-F669-489B-BE71-ACD36A95FA1C}.Debug|x86.Build.0 = Debug|Any CPU
		{1AE2A667-F669-489B-BE71-ACD36A95FA1C}.Release|Any CPU.ActiveCfg = Release|Any CPU
		{1AE2A667-F669-489B-BE71-ACD36A95FA1C}.Release|Any CPU.Build.0 = Release|Any CPU
		{1AE2A667-F669-489B-BE71-ACD36A95FA1C}.Release|x64.ActiveCfg = Release|Any CPU
		{1AE2A667-F669-489B-BE71-ACD36A95FA1C}.Release|x64.Build.0 = Release|Any CPU
		{1AE2A667-F669-489B-BE71-ACD36A95FA1C}.Release|x86.ActiveCfg = Release|Any CPU
		{1AE2A667-F669-489B-BE71-ACD36A95FA1C}.Release|x86.Build.0 = Release|Any CPU
		{3676BB2F-E4B5-4EA2-81F9-701954D946D7}.Debug|Any CPU.ActiveCfg = Debug|Any CPU
		{3676BB2F-E4B5-4EA2-81F9-701954D946D7}.Debug|Any CPU.Build.0 = Debug|Any CPU
		{3676BB2F-E4B5-4EA2-81F9-701954D946D7}.Debug|x64.ActiveCfg = Debug|Any CPU
		{3676BB2F-E4B5-4EA2-81F9-701954D946D7}.Debug|x64.Build.0 = Debug|Any CPU
		{3676BB2F-E4B5-4EA2-81F9-701954D946D7}.Debug|x86.ActiveCfg = Debug|Any CPU
		{3676BB2F-E4B5-4EA2-81F9-701954D946D7}.Debug|x86.Build.0 = Debug|Any CPU
		{3676BB2F-E4B5-4EA2-81F9-701954D946D7}.Release|Any CPU.ActiveCfg = Release|Any CPU
		{3676BB2F-E4B5-4EA2-81F9-701954D946D7}.Release|Any CPU.Build.0 = Release|Any CPU
		{3676BB2F-E4B5-4EA2-81F9-701954D946D7}.Release|x64.ActiveCfg = Release|Any CPU
		{3676BB2F-E4B5-4EA2-81F9-701954D946D7}.Release|x64.Build.0 = Release|Any CPU
		{3676BB2F-E4B5-4EA2-81F9-701954D946D7}.Release|x86.ActiveCfg = Release|Any CPU
		{3676BB2F-E4B5-4EA2-81F9-701954D946D7}.Release|x86.Build.0 = Release|Any CPU
		{E032DD5E-D890-439E-B6F6-C018B07A0529}.Debug|Any CPU.ActiveCfg = Debug|Any CPU
		{E032DD5E-D890-439E-B6F6-C018B07A0529}.Debug|Any CPU.Build.0 = Debug|Any CPU
		{E032DD5E-D890-439E-B6F6-C018B07A0529}.Debug|x64.ActiveCfg = Debug|Any CPU
		{E032DD5E-D890-439E-B6F6-C018B07A0529}.Debug|x64.Build.0 = Debug|Any CPU
		{E032DD5E-D890-439E-B6F6-C018B07A0529}.Debug|x86.ActiveCfg = Debug|Any CPU
		{E032DD5E-D890-439E-B6F6-C018B07A0529}.Debug|x86.Build.0 = Debug|Any CPU
		{E032DD5E-D890-439E-B6F6-C018B07A0529}.Release|Any CPU.ActiveCfg = Release|Any CPU
		{E032DD5E-D890-439E-B6F6-C018B07A0529}.Release|Any CPU.Build.0 = Release|Any CPU
		{E032DD5E-D890-439E-B6F6-C018B07A0529}.Release|x64.ActiveCfg = Release|Any CPU
		{E032DD5E-D890-439E-B6F6-C018B07A0529}.Release|x64.Build.0 = Release|Any CPU
		{E032DD5E-D890-439E-B6F6-C018B07A0529}.Release|x86.ActiveCfg = Release|Any CPU
		{E032DD5E-D890-439E-B6F6-C018B07A0529}.Release|x86.Build.0 = Release|Any CPU
		{C0EEC51B-891A-4DFC-9A17-7829F1F593A0}.Debug|Any CPU.ActiveCfg = Debug|Any CPU
		{C0EEC51B-891A-4DFC-9A17-7829F1F593A0}.Debug|Any CPU.Build.0 = Debug|Any CPU
		{C0EEC51B-891A-4DFC-9A17-7829F1F593A0}.Debug|x64.ActiveCfg = Debug|Any CPU
		{C0EEC51B-891A-4DFC-9A17-7829F1F593A0}.Debug|x64.Build.0 = Debug|Any CPU
		{C0EEC51B-891A-4DFC-9A17-7829F1F593A0}.Debug|x86.ActiveCfg = Debug|Any CPU
		{C0EEC51B-891A-4DFC-9A17-7829F1F593A0}.Debug|x86.Build.0 = Debug|Any CPU
		{C0EEC51B-891A-4DFC-9A17-7829F1F593A0}.Release|Any CPU.ActiveCfg = Release|Any CPU
		{C0EEC51B-891A-4DFC-9A17-7829F1F593A0}.Release|Any CPU.Build.0 = Release|Any CPU
		{C0EEC51B-891A-4DFC-9A17-7829F1F593A0}.Release|x64.ActiveCfg = Release|Any CPU
		{C0EEC51B-891A-4DFC-9A17-7829F1F593A0}.Release|x64.Build.0 = Release|Any CPU
		{C0EEC51B-891A-4DFC-9A17-7829F1F593A0}.Release|x86.ActiveCfg = Release|Any CPU
		{C0EEC51B-891A-4DFC-9A17-7829F1F593A0}.Release|x86.Build.0 = Release|Any CPU
	EndGlobalSection
	GlobalSection(SolutionProperties) = preSolution
		HideSolutionNode = FALSE
	EndGlobalSection
	GlobalSection(NestedProjects) = preSolution
		{A51E8903-D78D-EA09-27A4-7EC054F87E2C} = {D7BDD3E5-1C6F-4DC6-AD64-3327839083DF}
		{9E30D79B-7DAE-AC08-DA25-FC244441E8DC} = {D7BDD3E5-1C6F-4DC6-AD64-3327839083DF}
		{66283E7F-9B69-F77E-F132-593073710147} = {D7BDD3E5-1C6F-4DC6-AD64-3327839083DF}
		{4D179055-2C69-4940-94A7-D256F25EBBFA} = {6F24556F-8BC8-32CD-DE77-B1BE2AC2160F}
		{4303A49A-5CCF-4305-BFFB-19B00C722874} = {6F24556F-8BC8-32CD-DE77-B1BE2AC2160F}
		{8FF9D937-0B5E-48EE-8D5C-B90D495FF36A} = {6F24556F-8BC8-32CD-DE77-B1BE2AC2160F}
		{ACF43051-F759-4B1B-AC4C-9F124D3FD0B1} = {6F24556F-8BC8-32CD-DE77-B1BE2AC2160F}
		{F6765926-F22F-4932-88BF-E470EB6DADEC} = {6A12AD79-0F1A-6E89-9A4E-490A43EC61BA}
		{117A8C23-0462-418B-81FC-881DCAC5F9DB} = {6A12AD79-0F1A-6E89-9A4E-490A43EC61BA}
		{59D40CCA-90D1-4206-9478-8526F1769AC2} = {F82D03FD-6AAE-A0C4-97EE-1F744454B086}
		{1AE2A667-F669-489B-BE71-ACD36A95FA1C} = {6F24556F-8BC8-32CD-DE77-B1BE2AC2160F}
	EndGlobalSection
	GlobalSection(ExtensibilityGlobals) = postSolution
		SolutionGuid = {065903DA-5F6B-4B5B-9F03-A4004F66AECF}
	EndGlobalSection
EndGlobal
