
Microsoft Visual Studio Solution File, Format Version 12.00
# Visual Studio Version 17
VisualStudioVersion = 17.14.36414.22
MinimumVisualStudioVersion = 10.0.40219.1
Project("{FAE04EC0-301F-11D3-BF4B-00C04F79EFBC}") = "EnemiesVsEnemies", "EnemiesVsEnemies\EnemiesVsEnemies.csproj", "{49023D66-5BA3-4A63-BCF8-3BF554478C3C}"
EndProject
Global
	GlobalSection(SolutionConfigurationPlatforms) = preSolution
		Debug|Any CPU = Debug|Any CPU
		Release|Any CPU = Release|Any CPU
	EndGlobalSection
	GlobalSection(ProjectConfigurationPlatforms) = postSolution
		{49023D66-5BA3-4A63-BCF8-3BF554478C3C}.Debug|Any CPU.ActiveCfg = Debug|Any CPU
		{49023D66-5BA3-4A63-BCF8-3BF554478C3C}.Debug|Any CPU.Build.0 = Debug|Any CPU
		{49023D66-5BA3-4A63-BCF8-3BF554478C3C}.Release|Any CPU.ActiveCfg = Release|Any CPU
		{49023D66-5BA3-4A63-BCF8-3BF554478C3C}.Release|Any CPU.Build.0 = Release|Any CPU
	EndGlobalSection
	GlobalSection(SolutionProperties) = preSolution
		HideSolutionNode = FALSE
	EndGlobalSection
	GlobalSection(ExtensibilityGlobals) = postSolution
		SolutionGuid = {8DA5485D-274D-4F24-A6C6-5FBB7FEB2F48}
	EndGlobalSection
EndGlobal
